
Microsoft Visual Studio Solution File, Format Version 12.00
# Visual Studio Version 17
VisualStudioVersion = 17.2.32519.379
MinimumVisualStudioVersion = 10.0.40219.1
Project("{FAE04EC0-301F-11D3-BF4B-00C04F79EFBC}") = "HelloApi", "HelloApi\HelloApi.csproj", "{F5D7AF6D-4744-4FE3-BF21-2E0256A3CAFF}"
EndProject
Global
	GlobalSection(SolutionConfigurationPlatforms) = preSolution
		Debug|Any CPU = Debug|Any CPU
		Release|Any CPU = Release|Any CPU
	EndGlobalSection
	GlobalSection(ProjectConfigurationPlatforms) = postSolution
		{F5D7AF6D-4744-4FE3-BF21-2E0256A3CAFF}.Debug|Any CPU.ActiveCfg = Debug|Any CPU
		{F5D7AF6D-4744-4FE3-BF21-2E0256A3CAFF}.Debug|Any CPU.Build.0 = Debug|Any CPU
		{F5D7AF6D-4744-4FE3-BF21-2E0256A3CAFF}.Release|Any CPU.ActiveCfg = Release|Any CPU
		{F5D7AF6D-4744-4FE3-BF21-2E0256A3CAFF}.Release|Any CPU.Build.0 = Release|Any CPU
	EndGlobalSection
	GlobalSection(SolutionProperties) = preSolution
		HideSolutionNode = FALSE
	EndGlobalSection
	GlobalSection(ExtensibilityGlobals) = postSolution
		SolutionGuid = {19BF8C8A-CA88-4A76-971B-61107611932D}
	EndGlobalSection
EndGlobal
